<?xml version="1.0" encoding="utf-8"?>
<Project ToolsVersion="4.0" xmlns="http://schemas.microsoft.com/developer/msbuild/2003">
  <ItemGroup>
    <Filter Include="源文件">
      <UniqueIdentifier>{4FC737F1-C7A5-4376-A066-2A32D752A2FF}</UniqueIdentifier>
      <Extensions>cpp;c;cc;cxx;c++;cppm;ixx;def;odl;idl;hpj;bat;asm;asmx</Extensions>
    </Filter>
    <Filter Include="头文件">
      <UniqueIdentifier>{93995380-89BD-4b04-88EB-625FBE52EBFB}</UniqueIdentifier>
      <Extensions>h;hh;hpp;hxx;h++;hm;inl;inc;ipp;xsd</Extensions>
    </Filter>
    <Filter Include="资源文件">
      <UniqueIdentifier>{67DA6AB6-F800-4c08-8B7A-83BB121AAD01}</UniqueIdentifier>
      <Extensions>rc;ico;cur;bmp;dlg;rc2;rct;bin;rgs;gif;jpg;jpeg;jpe;resx;tiff;tif;png;wav;mfcribbon-ms</Extensions>
    </Filter>
  </ItemGroup>
  <ItemGroup>
    <ClInclude Include="HDRPlus_Demosaicing.h">
      <Filter>头文件</Filter>
    </ClInclude>
    <ClInclude Include="HDRPlus_Forward.h">
      <Filter>头文件</Filter>
    </ClInclude>
    <ClInclude Include="HDRPlus_WhiteBalance.h">
      <Filter>头文件</Filter>
    </ClInclude>
    <ClInclude Include="HDRPlus_DPCorrect.h">
      <Filter>头文件</Filter>
    </ClInclude>
    <ClInclude Include="HDRPlus_BlackLevelCorrect.h">
      <Filter>头文件</Filter>
    </ClInclude>
    <ClInclude Include="HDRPlus_ColorCorrect.h">
      <Filter>头文件</Filter>
    </ClInclude>
    <ClInclude Include="HDRPlus_Tonemapping.h">
      <Filter>头文件</Filter>
    </ClInclude>
    <ClInclude Include="HDRPlus_GammaCorrect.h">
      <Filter>头文件</Filter>
    </ClInclude>
    <ClInclude Include="HDRPlus_ChromaDenoise.h">
      <Filter>头文件</Filter>
    </ClInclude>
    <ClInclude Include="HDRPlus_Contrast.h">
      <Filter>头文件</Filter>
    </ClInclude>
    <ClInclude Include="HDRPlus_Sharpen.h">
      <Filter>头文件</Filter>
    </ClInclude>
  </ItemGroup>
  <ItemGroup>
    <ClCompile Include="HDRPlus_Demosaicing.cpp">
      <Filter>源文件</Filter>
    </ClCompile>
    <ClCompile Include="HDRPlus_Forward.cpp">
      <Filter>源文件</Filter>
    </ClCompile>
    <ClCompile Include="HDRPlus_WhiteBalance.cpp">
      <Filter>源文件</Filter>
    </ClCompile>
    <ClCompile Include="HDRPlus_DPCorrect.cpp">
      <Filter>源文件</Filter>
    </ClCompile>
    <ClCompile Include="HDRPlus_BlackLevelCorrect.cpp">
      <Filter>源文件</Filter>
    </ClCompile>
    <ClCompile Include="HDRPlus_ColorCorrect.cpp">
      <Filter>源文件</Filter>
    </ClCompile>
    <ClCompile Include="HDRPlus_Tonemapping.cpp">
      <Filter>源文件</Filter>
    </ClCompile>
    <ClCompile Include="HDRPlus_GammaCorrect.cpp">
      <Filter>源文件</Filter>
    </ClCompile>
    <ClCompile Include="HDRPlus_ChromaDenoise.cpp">
      <Filter>源文件</Filter>
    </ClCompile>
    <ClCompile Include="HDRPlus_Contrast.cpp">
      <Filter>源文件</Filter>
    </ClCompile>
    <ClCompile Include="HDRPlus_Sharpen.cpp">
      <Filter>源文件</Filter>
    </ClCompile>
  </ItemGroup>
</Project>